
Microsoft Visual Studio Solution File, Format Version 12.00
# Visual Studio Version 16
VisualStudioVersion = 16.0.31129.286
MinimumVisualStudioVersion = 10.0.40219.1
Project("{FAE04EC0-301F-11D3-BF4B-00C04F79EFBC}") = "Lab_10_DataTypes2", "Lab_10_DataTypes2.csproj", "{9724EE7B-42DE-4CD1-8EBB-D008AEEC69CE}"
EndProject
Global
	GlobalSection(SolutionConfigurationPlatforms) = preSolution
		Debug|Any CPU = Debug|Any CPU
		Release|Any CPU = Release|Any CPU
	EndGlobalSection
	GlobalSection(ProjectConfigurationPlatforms) = postSolution
		{9724EE7B-42DE-4CD1-8EBB-D008AEEC69CE}.Debug|Any CPU.ActiveCfg = Debug|Any CPU
		{9724EE7B-42DE-4CD1-8EBB-D008AEEC69CE}.Debug|Any CPU.Build.0 = Debug|Any CPU
		{9724EE7B-42DE-4CD1-8EBB-D008AEEC69CE}.Release|Any CPU.ActiveCfg = Release|Any CPU
		{9724EE7B-42DE-4CD1-8EBB-D008AEEC69CE}.Release|Any CPU.Build.0 = Release|Any CPU
	EndGlobalSection
	GlobalSection(SolutionProperties) = preSolution
		HideSolutionNode = FALSE
	EndGlobalSection
	GlobalSection(ExtensibilityGlobals) = postSolution
		SolutionGuid = {F3AE0219-9D25-493E-B0B1-DE8D7E0ADE28}
	EndGlobalSection
EndGlobal
